{
  "name": "using-typescript-and-esm",
  "version": "1.0.0",
  "lockfileVersion": 2,
  "requires": true,
  "packages": {
    "": {
      "name": "using-typescript-and-esm",
      "version": "1.0.0",
      "dependencies": {
        "@types/node": "^16"
      }
    },
    "node_modules/@types/node": {
      "version": "16.11.49",
      "resolved": "https://registry.npmjs.org/@types/node/-/node-16.11.49.tgz",
      "integrity": "sha512-Abq9fBviLV93OiXMu+f6r0elxCzRwc0RC5f99cU892uBITL44pTvgvEqlRlPRi8EGcO1z7Cp8A4d0s/p3J/+Nw=="
    }
  },
  "dependencies": {
    "@types/node": {
      "version": "16.11.49",
      "resolved": "https://registry.npmjs.org/@types/node/-/node-16.11.49.tgz",
      "integrity": "sha512-Abq9fBviLV93OiXMu+f6r0elxCzRwc0RC5f99cU892uBITL44pTvgvEqlRlPRi8EGcO1z7Cp8A4d0s/p3J/+Nw=="
    }
  }
}
